
Microsoft Visual Studio Solution File, Format Version 12.00
# Visual Studio 2012
Project("{FAE04EC0-301F-11D3-BF4B-00C04F79EFBC}") = "AutoT4MVC", "AutoT4MVC\AutoT4MVC.csproj", "{E25F1D10-8F69-4FD8-8032-CAFDA99934CC}"
EndProject
Global
	GlobalSection(SolutionConfigurationPlatforms) = preSolution
		Debug|Any CPU = Debug|Any CPU
		Release|Any CPU = Release|Any CPU
	EndGlobalSection
	GlobalSection(ProjectConfigurationPlatforms) = postSolution
		{E25F1D10-8F69-4FD8-8032-CAFDA99934CC}.Debug|Any CPU.ActiveCfg = Release|Any CPU
		{E25F1D10-8F69-4FD8-8032-CAFDA99934CC}.Debug|Any CPU.Build.0 = Release|Any CPU
		{E25F1D10-8F69-4FD8-8032-CAFDA99934CC}.Release|Any CPU.ActiveCfg = Release|Any CPU
		{E25F1D10-8F69-4FD8-8032-CAFDA99934CC}.Release|Any CPU.Build.0 = Release|Any CPU
	EndGlobalSection
	GlobalSection(SolutionProperties) = preSolution
		HideSolutionNode = FALSE
	EndGlobalSection
EndGlobal
